// !$*UTF8*$!
{
	archiveVersion = 1;
	classes = {
	};
	objectVersion = 50;
	objects = {

/* Begin PBXBuildFile section */
		17A1BAD526B8CB7F00E3536B /* AppDelegate.swift in Sources */ = {isa = PBXBuildFile; fileRef = 17A1BAD426B8CB7F00E3536B /* AppDelegate.swift */; };
		17A1BAD726B8CB7F00E3536B /* SceneDelegate.swift in Sources */ = {isa = PBXBuildFile; fileRef = 17A1BAD626B8CB7F00E3536B /* SceneDelegate.swift */; };
		17A1BAD926B8CB7F00E3536B /* ViewController.swift in Sources */ = {isa = PBXBuildFile; fileRef = 17A1BAD826B8CB7F00E3536B /* ViewController.swift */; };
		17A1BADC26B8CB7F00E3536B /* Main.storyboard in Resources */ = {isa = PBXBuildFile; fileRef = 17A1BADA26B8CB7F00E3536B /* Main.storyboard */; };
		17A1BADE26B8CB7F00E3536B /* Assets.xcassets in Resources */ = {isa = PBXBuildFile; fileRef = 17A1BADD26B8CB7F00E3536B /* Assets.xcassets */; };
		17A1BAE126B8CB7F00E3536B /* LaunchScreen.storyboard in Resources */ = {isa = PBXBuildFile; fileRef = 17A1BADF26B8CB7F00E3536B /* LaunchScreen.storyboard */; };
		17A1BAEC26B8CB8000E3536B /* CalculatorTests.swift in Sources */ = {isa = PBXBuildFile; fileRef = 17A1BAEB26B8CB8000E3536B /* CalculatorTests.swift */; };
		17A1BAF726B8CB8000E3536B /* CalculatorUITests.swift in Sources */ = {isa = PBXBuildFile; fileRef = 17A1BAF626B8CB8000E3536B /* CalculatorUITests.swift */; };
/* End PBXBuildFile section */

/* Begin PBXContainerItemProxy section */
		17A1BAE826B8CB8000E3536B /* PBXContainerItemProxy */ = {
			isa = PBXContainerItemProxy;
			containerPortal = 17A1BAC926B8CB7F00E3536B /* Project object */;
			proxyType = 1;
			remoteGlobalIDString = 17A1BAD026B8CB7F00E3536B;
			remoteInfo = Calculator;
		};
		17A1BAF326B8CB8000E3536B /* PBXContainerItemProxy */ = {
			isa = PBXContainerItemProxy;
			containerPortal = 17A1BAC926B8CB7F00E3536B /* Project object */;
			proxyType = 1;
			remoteGlobalIDString = 17A1BAD026B8CB7F00E3536B;
			remoteInfo = Calculator;
		};
/* End PBXContainerItemProxy section */

/* Begin PBXFileReference section */
		17A1BAD126B8CB7F00E3536B /* Calculator.app */ = {isa = PBXFileReference; explicitFileType = wrapper.application; includeInIndex = 0; path = Calculator.app; sourceTree = BUILT_PRODUCTS_DIR; };
		17A1BAD426B8CB7F00E3536B /* AppDelegate.swift */ = {isa = PBXFileReference; lastKnownFileType = sourcecode.swift; path = AppDelegate.swift; sourceTree = "<group>"; };
		17A1BAD626B8CB7F00E3536B /* SceneDelegate.swift */ = {isa = PBXFileReference; lastKnownFileType = sourcecode.swift; path = SceneDelegate.swift; sourceTree = "<group>"; };
		17A1BAD826B8CB7F00E3536B /* ViewController.swift */ = {isa = PBXFileReference; lastKnownFileType = sourcecode.swift; path = ViewController.swift; sourceTree = "<group>"; };
		17A1BADB26B8CB7F00E3536B /* Base */ = {isa = PBXFileReference; lastKnownFileType = file.storyboard; name = Base; path = Base.lproj/Main.storyboard; sourceTree = "<group>"; };
		17A1BADD26B8CB7F00E3536B /* Assets.xcassets */ = {isa = PBXFileReference; lastKnownFileType = folder.assetcatalog; path = Assets.xcassets; sourceTree = "<group>"; };
		17A1BAE026B8CB7F00E3536B /* Base */ = {isa = PBXFileReference; lastKnownFileType = file.storyboard; name = Base; path = Base.lproj/LaunchScreen.storyboard; sourceTree = "<group>"; };
		17A1BAE226B8CB7F00E3536B /* Info.plist */ = {isa = PBXFileReference; lastKnownFileType = text.plist.xml; path = Info.plist; sourceTree = "<group>"; };
		17A1BAE726B8CB8000E3536B /* CalculatorTests.xctest */ = {isa = PBXFileReference; explicitFileType = wrapper.cfbundle; includeInIndex = 0; path = CalculatorTests.xctest; sourceTree = BUILT_PRODUCTS_DIR; };
		17A1BAEB26B8CB8000E3536B /* CalculatorTests.swift */ = {isa = PBXFileReference; lastKnownFileType = sourcecode.swift; path = CalculatorTests.swift; sourceTree = "<group>"; };
		17A1BAED26B8CB8000E3536B /* Info.plist */ = {isa = PBXFileReference; lastKnownFileType = text.plist.xml; path = Info.plist; sourceTree = "<group>"; };
		17A1BAF226B8CB8000E3536B /* CalculatorUITests.xctest */ = {isa = PBXFileReference; explicitFileType = wrapper.cfbundle; includeInIndex = 0; path = CalculatorUITests.xctest; sourceTree = BUILT_PRODUCTS_DIR; };
		17A1BAF626B8CB8000E3536B /* CalculatorUITests.swift */ = {isa = PBXFileReference; lastKnownFileType = sourcecode.swift; path = CalculatorUITests.swift; sourceTree = "<group>"; };
		17A1BAF826B8CB8000E3536B /* Info.plist */ = {isa = PBXFileReference; lastKnownFileType = text.plist.xml; path = Info.plist; sourceTree = "<group>"; };
/* End PBXFileReference section */

/* Begin PBXFrameworksBuildPhase section */
		17A1BACE26B8CB7F00E3536B /* Frameworks */ = {
			isa = PBXFrameworksBuildPhase;
			buildActionMask = 2147483647;
			files = (
			);
			runOnlyForDeploymentPostprocessing = 0;
		};
		17A1BAE426B8CB8000E3536B /* Frameworks */ = {
			isa = PBXFrameworksBuildPhase;
			buildActionMask = 2147483647;
			files = (
			);
			runOnlyForDeploymentPostprocessing = 0;
		};
		17A1BAEF26B8CB8000E3536B /* Frameworks */ = {
			isa = PBXFrameworksBuildPhase;
			buildActionMask = 2147483647;
			files = (
			);
			runOnlyForDeploymentPostprocessing = 0;
		};
/* End PBXFrameworksBuildPhase section */

/* Begin PBXGroup section */
		17A1BAC826B8CB7F00E3536B = {
			isa = PBXGroup;
			children = (
				17A1BAD326B8CB7F00E3536B /* Calculator */,
				17A1BAEA26B8CB8000E3536B /* CalculatorTests */,
				17A1BAF526B8CB8000E3536B /* CalculatorUITests */,
				17A1BAD226B8CB7F00E3536B /* Products */,
			);
			sourceTree = "<group>";
		};
		17A1BAD226B8CB7F00E3536B /* Products */ = {
			isa = PBXGroup;
			children = (
				17A1BAD126B8CB7F00E3536B /* Calculator.app */,
				17A1BAE726B8CB8000E3536B /* CalculatorTests.xctest */,
				17A1BAF226B8CB8000E3536B /* CalculatorUITests.xctest */,
			);
			name = Products;
			sourceTree = "<group>";
		};
		17A1BAD326B8CB7F00E3536B /* Calculator */ = {
			isa = PBXGroup;
			children = (
				17A1BAD426B8CB7F00E3536B /* AppDelegate.swift */,
				17A1BAD626B8CB7F00E3536B /* SceneDelegate.swift */,
				17A1BAD826B8CB7F00E3536B /* ViewController.swift */,
				17A1BADA26B8CB7F00E3536B /* Main.storyboard */,
				17A1BADD26B8CB7F00E3536B /* Assets.xcassets */,
				17A1BADF26B8CB7F00E3536B /* LaunchScreen.storyboard */,
				17A1BAE226B8CB7F00E3536B /* Info.plist */,
			);
			path = Calculator;
			sourceTree = "<group>";
		};
		17A1BAEA26B8CB8000E3536B /* CalculatorTests */ = {
			isa = PBXGroup;
			children = (
				17A1BAEB26B8CB8000E3536B /* CalculatorTests.swift */,
				17A1BAED26B8CB8000E3536B /* Info.plist */,
			);
			path = CalculatorTests;
			sourceTree = "<group>";
		};
		17A1BAF526B8CB8000E3536B /* CalculatorUITests */ = {
			isa = PBXGroup;
			children = (
				17A1BAF626B8CB8000E3536B /* CalculatorUITests.swift */,
				17A1BAF826B8CB8000E3536B /* Info.plist */,
			);
			path = CalculatorUITests;
			sourceTree = "<group>";
		};
/* End PBXGroup section */

/* Begin PBXNativeTarget section */
		17A1BAD026B8CB7F00E3536B /* Calculator */ = {
			isa = PBXNativeTarget;
			buildConfigurationList = 17A1BAFB26B8CB8000E3536B /* Build configuration list for PBXNativeTarget "Calculator" */;
			buildPhases = (
				17A1BACD26B8CB7F00E3536B /* Sources */,
				17A1BACE26B8CB7F00E3536B /* Frameworks */,
				17A1BACF26B8CB7F00E3536B /* Resources */,
			);
			buildRules = (
			);
			dependencies = (
			);
			name = Calculator;
			productName = Calculator;
			productReference = 17A1BAD126B8CB7F00E3536B /* Calculator.app */;
			productType = "com.apple.product-type.application";
		};
		17A1BAE626B8CB8000E3536B /* CalculatorTests */ = {
			isa = PBXNativeTarget;
			buildConfigurationList = 17A1BAFE26B8CB8000E3536B /* Build configuration list for PBXNativeTarget "CalculatorTests" */;
			buildPhases = (
				17A1BAE326B8CB8000E3536B /* Sources */,
				17A1BAE426B8CB8000E3536B /* Frameworks */,
				17A1BAE526B8CB8000E3536B /* Resources */,
			);
			buildRules = (
			);
			dependencies = (
				17A1BAE926B8CB8000E3536B /* PBXTargetDependency */,
			);
			name = CalculatorTests;
			productName = CalculatorTests;
			productReference = 17A1BAE726B8CB8000E3536B /* CalculatorTests.xctest */;
			productType = "com.apple.product-type.bundle.unit-test";
		};
		17A1BAF126B8CB8000E3536B /* CalculatorUITests */ = {
			isa = PBXNativeTarget;
			buildConfigurationList = 17A1BB0126B8CB8000E3536B /* Build configuration list for PBXNativeTarget "CalculatorUITests" */;
			buildPhases = (
				17A1BAEE26B8CB8000E3536B /* Sources */,
				17A1BAEF26B8CB8000E3536B /* Frameworks */,
				17A1BAF026B8CB8000E3536B /* Resources */,
			);
			buildRules = (
			);
			dependencies = (
				17A1BAF426B8CB8000E3536B /* PBXTargetDependency */,
			);
			name = CalculatorUITests;
			productName = CalculatorUITests;
			productReference = 17A1BAF226B8CB8000E3536B /* CalculatorUITests.xctest */;
			productType = "com.apple.product-type.bundle.ui-testing";
		};
/* End PBXNativeTarget section */

/* Begin PBXProject section */
		17A1BAC926B8CB7F00E3536B /* Project object */ = {
			isa = PBXProject;
			attributes = {
				LastSwiftUpdateCheck = 1250;
				LastUpgradeCheck = 1250;
				TargetAttributes = {
					17A1BAD026B8CB7F00E3536B = {
						CreatedOnToolsVersion = 12.5;
					};
					17A1BAE626B8CB8000E3536B = {
						CreatedOnToolsVersion = 12.5;
						TestTargetID = 17A1BAD026B8CB7F00E3536B;
					};
					17A1BAF126B8CB8000E3536B = {
						CreatedOnToolsVersion = 12.5;
						TestTargetID = 17A1BAD026B8CB7F00E3536B;
					};
				};
			};
			buildConfigurationList = 17A1BACC26B8CB7F00E3536B /* Build configuration list for PBXProject "Calculator" */;
			compatibilityVersion = "Xcode 9.3";
			developmentRegion = en;
			hasScannedForEncodings = 0;
			knownRegions = (
				en,
				Base,
			);
			mainGroup = 17A1BAC826B8CB7F00E3536B;
			productRefGroup = 17A1BAD226B8CB7F00E3536B /* Products */;
			projectDirPath = "";
			projectRoot = "";
			targets = (
				17A1BAD026B8CB7F00E3536B /* Calculator */,
				17A1BAE626B8CB8000E3536B /* CalculatorTests */,
				17A1BAF126B8CB8000E3536B /* CalculatorUITests */,
			);
		};
/* End PBXProject section */

/* Begin PBXResourcesBuildPhase section */
		17A1BACF26B8CB7F00E3536B /* Resources */ = {
			isa = PBXResourcesBuildPhase;
			buildActionMask = 2147483647;
			files = (
				17A1BAE126B8CB7F00E3536B /* LaunchScreen.storyboard in Resources */,
				17A1BADE26B8CB7F00E3536B /* Assets.xcassets in Resources */,
				17A1BADC26B8CB7F00E3536B /* Main.storyboard in Resources */,
			);
			runOnlyForDeploymentPostprocessing = 0;
		};
		17A1BAE526B8CB8000E3536B /* Resources */ = {
			isa = PBXResourcesBuildPhase;
			buildActionMask = 2147483647;
			files = (
			);
			runOnlyForDeploymentPostprocessing = 0;
		};
		17A1BAF026B8CB8000E3536B /* Resources */ = {
			isa = PBXResourcesBuildPhase;
			buildActionMask = 2147483647;
			files = (
			);
			runOnlyForDeploymentPostprocessing = 0;
		};
/* End PBXResourcesBuildPhase section */

/* Begin PBXSourcesBuildPhase section */
		17A1BACD26B8CB7F00E3536B /* Sources */ = {
			isa = PBXSourcesBuildPhase;
			buildActionMask = 2147483647;
			files = (
				17A1BAD926B8CB7F00E3536B /* ViewController.swift in Sources */,
				17A1BAD526B8CB7F00E3536B /* AppDelegate.swift in Sources */,
				17A1BAD726B8CB7F00E3536B /* SceneDelegate.swift in Sources */,
			);
			runOnlyForDeploymentPostprocessing = 0;
		};
		17A1BAE326B8CB8000E3536B /* Sources */ = {
			isa = PBXSourcesBuildPhase;
			buildActionMask = 2147483647;
			files = (
				17A1BAEC26B8CB8000E3536B /* CalculatorTests.swift in Sources */,
			);
			runOnlyForDeploymentPostprocessing = 0;
		};
		17A1BAEE26B8CB8000E3536B /* Sources */ = {
			isa = PBXSourcesBuildPhase;
			buildActionMask = 2147483647;
			files = (
				17A1BAF726B8CB8000E3536B /* CalculatorUITests.swift in Sources */,
			);
			runOnlyForDeploymentPostprocessing = 0;
		};
/* End PBXSourcesBuildPhase section */

/* Begin PBXTargetDependency section */
		17A1BAE926B8CB8000E3536B /* PBXTargetDependency */ = {
			isa = PBXTargetDependency;
			target = 17A1BAD026B8CB7F00E3536B /* Calculator */;
			targetProxy = 17A1BAE826B8CB8000E3536B /* PBXContainerItemProxy */;
		};
		17A1BAF426B8CB8000E3536B /* PBXTargetDependency */ = {
			isa = PBXTargetDependency;
			target = 17A1BAD026B8CB7F00E3536B /* Calculator */;
			targetProxy = 17A1BAF326B8CB8000E3536B /* PBXContainerItemProxy */;
		};
/* End PBXTargetDependency section */

/* Begin PBXVariantGroup section */
		17A1BADA26B8CB7F00E3536B /* Main.storyboard */ = {
			isa = PBXVariantGroup;
			children = (
				17A1BADB26B8CB7F00E3536B /* Base */,
			);
			name = Main.storyboard;
			sourceTree = "<group>";
		};
		17A1BADF26B8CB7F00E3536B /* LaunchScreen.storyboard */ = {
			isa = PBXVariantGroup;
			children = (
				17A1BAE026B8CB7F00E3536B /* Base */,
			);
			name = LaunchScreen.storyboard;
			sourceTree = "<group>";
		};
/* End PBXVariantGroup section */

/* Begin XCBuildConfiguration section */
		17A1BAF926B8CB8000E3536B /* Debug */ = {
			isa = XCBuildConfiguration;
			buildSettings = {
				ALWAYS_SEARCH_USER_PATHS = NO;
				CLANG_ANALYZER_NONNULL = YES;
				CLANG_ANALYZER_NUMBER_OBJECT_CONVERSION = YES_AGGRESSIVE;
				CLANG_CXX_LANGUAGE_STANDARD = "gnu++14";
				CLANG_CXX_LIBRARY = "libc++";
				CLANG_ENABLE_MODULES = YES;
				CLANG_ENABLE_OBJC_ARC = YES;
				CLANG_ENABLE_OBJC_WEAK = YES;
				CLANG_WARN_BLOCK_CAPTURE_AUTORELEASING = YES;
				CLANG_WARN_BOOL_CONVERSION = YES;
				CLANG_WARN_COMMA = YES;
				CLANG_WARN_CONSTANT_CONVERSION = YES;
				CLANG_WARN_DEPRECATED_OBJC_IMPLEMENTATIONS = YES;
				CLANG_WARN_DIRECT_OBJC_ISA_USAGE = YES_ERROR;
				CLANG_WARN_DOCUMENTATION_COMMENTS = YES;
				CLANG_WARN_EMPTY_BODY = YES;
				CLANG_WARN_ENUM_CONVERSION = YES;
				CLANG_WARN_INFINITE_RECURSION = YES;
				CLANG_WARN_INT_CONVERSION = YES;
				CLANG_WARN_NON_LITERAL_NULL_CONVERSION = YES;
				CLANG_WARN_OBJC_IMPLICIT_RETAIN_SELF = YES;
				CLANG_WARN_OBJC_LITERAL_CONVERSION = YES;
				CLANG_WARN_OBJC_ROOT_CLASS = YES_ERROR;
				CLANG_WARN_QUOTED_INCLUDE_IN_FRAMEWORK_HEADER = YES;
				CLANG_WARN_RANGE_LOOP_ANALYSIS = YES;
				CLANG_WARN_STRICT_PROTOTYPES = YES;
				CLANG_WARN_SUSPICIOUS_MOVE = YES;
				CLANG_WARN_UNGUARDED_AVAILABILITY = YES_AGGRESSIVE;
				CLANG_WARN_UNREACHABLE_CODE = YES;
				CLANG_WARN__DUPLICATE_METHOD_MATCH = YES;
				COPY_PHASE_STRIP = NO;
				DEBUG_INFORMATION_FORMAT = dwarf;
				ENABLE_STRICT_OBJC_MSGSEND = YES;
				ENABLE_TESTABILITY = YES;
				GCC_C_LANGUAGE_STANDARD = gnu11;
				GCC_DYNAMIC_NO_PIC = NO;
				GCC_NO_COMMON_BLOCKS = YES;
				GCC_OPTIMIZATION_LEVEL = 0;
				GCC_PREPROCESSOR_DEFINITIONS = (
					"DEBUG=1",
					"$(inherited)",
				);
				GCC_WARN_64_TO_32_BIT_CONVERSION = YES;
				GCC_WARN_ABOUT_RETURN_TYPE = YES_ERROR;
				GCC_WARN_UNDECLARED_SELECTOR = YES;
				GCC_WARN_UNINITIALIZED_AUTOS = YES_AGGRESSIVE;
				GCC_WARN_UNUSED_FUNCTION = YES;
				GCC_WARN_UNUSED_VARIABLE = YES;
				IPHONEOS_DEPLOYMENT_TARGET = 14.5;
				MTL_ENABLE_DEBUG_INFO = INCLUDE_SOURCE;
				MTL_FAST_MATH = YES;
				ONLY_ACTIVE_ARCH = YES;
				SDKROOT = iphoneos;
				SWIFT_ACTIVE_COMPILATION_CONDITIONS = DEBUG;
				SWIFT_OPTIMIZATION_LEVEL = "-Onone";
			};
			name = Debug;
		};
		17A1BAFA26B8CB8000E3536B /* Release */ = {
			isa = XCBuildConfiguration;
			buildSettings = {
				ALWAYS_SEARCH_USER_PATHS = NO;
				CLANG_ANALYZER_NONNULL = YES;
				CLANG_ANALYZER_NUMBER_OBJECT_CONVERSION = YES_AGGRESSIVE;
				CLANG_CXX_LANGUAGE_STANDARD = "gnu++14";
				CLANG_CXX_LIBRARY = "libc++";
				CLANG_ENABLE_MODULES = YES;
				CLANG_ENABLE_OBJC_ARC = YES;
				CLANG_ENABLE_OBJC_WEAK = YES;
				CLANG_WARN_BLOCK_CAPTURE_AUTORELEASING = YES;
				CLANG_WARN_BOOL_CONVERSION = YES;
				CLANG_WARN_COMMA = YES;
				CLANG_WARN_CONSTANT_CONVERSION = YES;
				CLANG_WARN_DEPRECATED_OBJC_IMPLEMENTATIONS = YES;
				CLANG_WARN_DIRECT_OBJC_ISA_USAGE = YES_ERROR;
				CLANG_WARN_DOCUMENTATION_COMMENTS = YES;
				CLANG_WARN_EMPTY_BODY = YES;
				CLANG_WARN_ENUM_CONVERSION = YES;
				CLANG_WARN_INFINITE_RECURSION = YES;
				CLANG_WARN_INT_CONVERSION = YES;
				CLANG_WARN_NON_LITERAL_NULL_CONVERSION = YES;
				CLANG_WARN_OBJC_IMPLICIT_RETAIN_SELF = YES;
				CLANG_WARN_OBJC_LITERAL_CONVERSION = YES;
				CLANG_WARN_OBJC_ROOT_CLASS = YES_ERROR;
				CLANG_WARN_QUOTED_INCLUDE_IN_FRAMEWORK_HEADER = YES;
				CLANG_WARN_RANGE_LOOP_ANALYSIS = YES;
				CLANG_WARN_STRICT_PROTOTYPES = YES;
				CLANG_WARN_SUSPICIOUS_MOVE = YES;
				CLANG_WARN_UNGUARDED_AVAILABILITY = YES_AGGRESSIVE;
				CLANG_WARN_UNREACHABLE_CODE = YES;
				CLANG_WARN__DUPLICATE_METHOD_MATCH = YES;
				COPY_PHASE_STRIP = NO;
				DEBUG_INFORMATION_FORMAT = "dwarf-with-dsym";
				ENABLE_NS_ASSERTIONS = NO;
				ENABLE_STRICT_OBJC_MSGSEND = YES;
				GCC_C_LANGUAGE_STANDARD = gnu11;
				GCC_NO_COMMON_BLOCKS = YES;
				GCC_WARN_64_TO_32_BIT_CONVERSION = YES;
				GCC_WARN_ABOUT_RETURN_TYPE = YES_ERROR;
				GCC_WARN_UNDECLARED_SELECTOR = YES;
				GCC_WARN_UNINITIALIZED_AUTOS = YES_AGGRESSIVE;
				GCC_WARN_UNUSED_FUNCTION = YES;
				GCC_WARN_UNUSED_VARIABLE = YES;
				IPHONEOS_DEPLOYMENT_TARGET = 14.5;
				MTL_ENABLE_DEBUG_INFO = NO;
				MTL_FAST_MATH = YES;
				SDKROOT = iphoneos;
				SWIFT_COMPILATION_MODE = wholemodule;
				SWIFT_OPTIMIZATION_LEVEL = "-O";
				VALIDATE_PRODUCT = YES;
			};
			name = Release;
		};
		17A1BAFC26B8CB8000E3536B /* Debug */ = {
			isa = XCBuildConfiguration;
			buildSettings = {
				ASSETCATALOG_COMPILER_APPICON_NAME = AppIcon;
				ASSETCATALOG_COMPILER_GLOBAL_ACCENT_COLOR_NAME = AccentColor;
				CODE_SIGN_STYLE = Automatic;
				INFOPLIST_FILE = Calculator/Info.plist;
				LD_RUNPATH_SEARCH_PATHS = (
					"$(inherited)",
					"@executable_path/Frameworks",
				);
				PRODUCT_BUNDLE_IDENTIFIER = yewon.Calculator;
				PRODUCT_NAME = "$(TARGET_NAME)";
				SWIFT_VERSION = 5.0;
				TARGETED_DEVICE_FAMILY = "1,2";
			};
			name = Debug;
		};
		17A1BAFD26B8CB8000E3536B /* Release */ = {
			isa = XCBuildConfiguration;
			buildSettings = {
				ASSETCATALOG_COMPILER_APPICON_NAME = AppIcon;
				ASSETCATALOG_COMPILER_GLOBAL_ACCENT_COLOR_NAME = AccentColor;
				CODE_SIGN_STYLE = Automatic;
				INFOPLIST_FILE = Calculator/Info.plist;
				LD_RUNPATH_SEARCH_PATHS = (
					"$(inherited)",
					"@executable_path/Frameworks",
				);
				PRODUCT_BUNDLE_IDENTIFIER = yewon.Calculator;
				PRODUCT_NAME = "$(TARGET_NAME)";
				SWIFT_VERSION = 5.0;
				TARGETED_DEVICE_FAMILY = "1,2";
			};
			name = Release;
		};
		17A1BAFF26B8CB8000E3536B /* Debug */ = {
			isa = XCBuildConfiguration;
			buildSettings = {
				ALWAYS_EMBED_SWIFT_STANDARD_LIBRARIES = YES;
				BUNDLE_LOADER = "$(TEST_HOST)";
				CODE_SIGN_STYLE = Automatic;
				INFOPLIST_FILE = CalculatorTests/Info.plist;
				IPHONEOS_DEPLOYMENT_TARGET = 14.5;
				LD_RUNPATH_SEARCH_PATHS = (
					"$(inherited)",
					"@executable_path/Frameworks",
					"@loader_path/Frameworks",
				);
				PRODUCT_BUNDLE_IDENTIFIER = yewon.CalculatorTests;
				PRODUCT_NAME = "$(TARGET_NAME)";
				SWIFT_VERSION = 5.0;
				TARGETED_DEVICE_FAMILY = "1,2";
				TEST_HOST = "$(BUILT_PRODUCTS_DIR)/Calculator.app/Calculator";
			};
			name = Debug;
		};
		17A1BB0026B8CB8000E3536B /* Release */ = {
			isa = XCBuildConfiguration;
			buildSettings = {
				ALWAYS_EMBED_SWIFT_STANDARD_LIBRARIES = YES;
				BUNDLE_LOADER = "$(TEST_HOST)";
				CODE_SIGN_STYLE = Automatic;
				INFOPLIST_FILE = CalculatorTests/Info.plist;
				IPHONEOS_DEPLOYMENT_TARGET = 14.5;
				LD_RUNPATH_SEARCH_PATHS = (
					"$(inherited)",
					"@executable_path/Frameworks",
					"@loader_path/Frameworks",
				);
				PRODUCT_BUNDLE_IDENTIFIER = yewon.CalculatorTests;
				PRODUCT_NAME = "$(TARGET_NAME)";
				SWIFT_VERSION = 5.0;
				TARGETED_DEVICE_FAMILY = "1,2";
				TEST_HOST = "$(BUILT_PRODUCTS_DIR)/Calculator.app/Calculator";
			};
			name = Release;
		};
		17A1BB0226B8CB8000E3536B /* Debug */ = {
			isa = XCBuildConfiguration;
			buildSettings = {
				ALWAYS_EMBED_SWIFT_STANDARD_LIBRARIES = YES;
				CODE_SIGN_STYLE = Automatic;
				INFOPLIST_FILE = CalculatorUITests/Info.plist;
				LD_RUNPATH_SEARCH_PATHS = (
					"$(inherited)",
					"@executable_path/Frameworks",
					"@loader_path/Frameworks",
				);
				PRODUCT_BUNDLE_IDENTIFIER = yewon.CalculatorUITests;
				PRODUCT_NAME = "$(TARGET_NAME)";
				SWIFT_VERSION = 5.0;
				TARGETED_DEVICE_FAMILY = "1,2";
				TEST_TARGET_NAME = Calculator;
			};
			name = Debug;
		};
		17A1BB0326B8CB8000E3536B /* Release */ = {
			isa = XCBuildConfiguration;
			buildSettings = {
				ALWAYS_EMBED_SWIFT_STANDARD_LIBRARIES = YES;
				CODE_SIGN_STYLE = Automatic;
				INFOPLIST_FILE = CalculatorUITests/Info.plist;
				LD_RUNPATH_SEARCH_PATHS = (
					"$(inherited)",
					"@executable_path/Frameworks",
					"@loader_path/Frameworks",
				);
				PRODUCT_BUNDLE_IDENTIFIER = yewon.CalculatorUITests;
				PRODUCT_NAME = "$(TARGET_NAME)";
				SWIFT_VERSION = 5.0;
				TARGETED_DEVICE_FAMILY = "1,2";
				TEST_TARGET_NAME = Calculator;
			};
			name = Release;
		};
/* End XCBuildConfiguration section */

/* Begin XCConfigurationList section */
		17A1BACC26B8CB7F00E3536B /* Build configuration list for PBXProject "Calculator" */ = {
			isa = XCConfigurationList;
			buildConfigurations = (
				17A1BAF926B8CB8000E3536B /* Debug */,
				17A1BAFA26B8CB8000E3536B /* Release */,
			);
			defaultConfigurationIsVisible = 0;
			defaultConfigurationName = Release;
		};
		17A1BAFB26B8CB8000E3536B /* Build configuration list for PBXNativeTarget "Calculator" */ = {
			isa = XCConfigurationList;
			buildConfigurations = (
				17A1BAFC26B8CB8000E3536B /* Debug */,
				17A1BAFD26B8CB8000E3536B /* Release */,
			);
			defaultConfigurationIsVisible = 0;
			defaultConfigurationName = Release;
		};
		17A1BAFE26B8CB8000E3536B /* Build configuration list for PBXNativeTarget "CalculatorTests" */ = {
			isa = XCConfigurationList;
			buildConfigurations = (
				17A1BAFF26B8CB8000E3536B /* Debug */,
				17A1BB0026B8CB8000E3536B /* Release */,
			);
			defaultConfigurationIsVisible = 0;
			defaultConfigurationName = Release;
		};
		17A1BB0126B8CB8000E3536B /* Build configuration list for PBXNativeTarget "CalculatorUITests" */ = {
			isa = XCConfigurationList;
			buildConfigurations = (
				17A1BB0226B8CB8000E3536B /* Debug */,
				17A1BB0326B8CB8000E3536B /* Release */,
			);
			defaultConfigurationIsVisible = 0;
			defaultConfigurationName = Release;
		};
/* End XCConfigurationList section */
	};
	rootObject = 17A1BAC926B8CB7F00E3536B /* Project object */;
}
